
Microsoft Visual Studio Solution File, Format Version 12.00
Project("{FAE04EC0-301F-11D3-BF4B-00C04F79EFBC}") = "ForEachDbQueries", "src\ForEachDbQueries\ForEachDbQueries.csproj", "{26BFFCD6-7142-46DD-B035-18714D81215F}"
EndProject
Project("{FAE04EC0-301F-11D3-BF4B-00C04F79EFBC}") = "ForEachDbQueries.Tests", "src\ForEachDbQueries.Tests\ForEachDbQueries.Tests.csproj", "{7EB2095B-9A75-4C9F-84C4-E8AE5845A174}"
EndProject
Project("{FAE04EC0-301F-11D3-BF4B-00C04F79EFBC}") = "ForEachDb", "src\ForEachDb\ForEachDb.csproj", "{21DC97AD-D5BA-478D-91D0-F599D0962AF1}"
EndProject
Project("{FAE04EC0-301F-11D3-BF4B-00C04F79EFBC}") = "ForEachDb.Desktop", "src\ForEachDb.Desktop\ForEachDb.Desktop.csproj", "{6A00686B-3E4B-42F3-BC6A-D0FC719F4145}"
EndProject
Project("{FAE04EC0-301F-11D3-BF4B-00C04F79EFBC}") = "ForEachDb.Desktop.Tests", "src\ForEachDb.Desktop.Tests\ForEachDb.Desktop.Tests.csproj", "{73D9BB25-0585-492B-816C-0CB2527951F4}"
EndProject
Project("{2150E333-8FDC-42A3-9474-1A3956D46DE8}") = "App", "App", "{1A1A1A1A-0000-0000-0000-000000000001}"
EndProject
Project("{2150E333-8FDC-42A3-9474-1A3956D46DE8}") = "Library", "Library", "{2B2B2B2B-0000-0000-0000-000000000002}"
EndProject
Project("{2150E333-8FDC-42A3-9474-1A3956D46DE8}") = "CLI", "CLI", "{3C3C3C3C-0000-0000-0000-000000000003}"
EndProject
Project("{2150E333-8FDC-42A3-9474-1A3956D46DE8}") = "Tests", "Tests", "{4D4D4D4D-0000-0000-0000-000000000004}"
EndProject
Global
	GlobalSection(SolutionConfigurationPlatforms) = preSolution
		Debug|Any CPU = Debug|Any CPU
		Debug|x64 = Debug|x64
		Debug|x86 = Debug|x86
		Release|Any CPU = Release|Any CPU
		Release|x64 = Release|x64
		Release|x86 = Release|x86
	EndGlobalSection
	GlobalSection(ProjectConfigurationPlatforms) = postSolution
		{26BFFCD6-7142-46DD-B035-18714D81215F}.Debug|Any CPU.ActiveCfg = Debug|Any CPU
		{26BFFCD6-7142-46DD-B035-18714D81215F}.Debug|Any CPU.Build.0 = Debug|Any CPU
		{26BFFCD6-7142-46DD-B035-18714D81215F}.Debug|x64.ActiveCfg = Debug|Any CPU
		{26BFFCD6-7142-46DD-B035-18714D81215F}.Debug|x64.Build.0 = Debug|Any CPU
		{26BFFCD6-7142-46DD-B035-18714D81215F}.Debug|x86.ActiveCfg = Debug|Any CPU
		{26BFFCD6-7142-46DD-B035-18714D81215F}.Debug|x86.Build.0 = Debug|Any CPU
		{26BFFCD6-7142-46DD-B035-18714D81215F}.Release|Any CPU.ActiveCfg = Release|Any CPU
		{26BFFCD6-7142-46DD-B035-18714D81215F}.Release|Any CPU.Build.0 = Release|Any CPU
		{26BFFCD6-7142-46DD-B035-18714D81215F}.Release|x64.ActiveCfg = Release|Any CPU
		{26BFFCD6-7142-46DD-B035-18714D81215F}.Release|x64.Build.0 = Release|Any CPU
		{26BFFCD6-7142-46DD-B035-18714D81215F}.Release|x86.ActiveCfg = Release|Any CPU
		{26BFFCD6-7142-46DD-B035-18714D81215F}.Release|x86.Build.0 = Release|Any CPU
		{7EB2095B-9A75-4C9F-84C4-E8AE5845A174}.Debug|Any CPU.ActiveCfg = Debug|Any CPU
		{7EB2095B-9A75-4C9F-84C4-E8AE5845A174}.Debug|Any CPU.Build.0 = Debug|Any CPU
		{7EB2095B-9A75-4C9F-84C4-E8AE5845A174}.Debug|x64.ActiveCfg = Debug|Any CPU
		{7EB2095B-9A75-4C9F-84C4-E8AE5845A174}.Debug|x64.Build.0 = Debug|Any CPU
		{7EB2095B-9A75-4C9F-84C4-E8AE5845A174}.Debug|x86.ActiveCfg = Debug|Any CPU
		{7EB2095B-9A75-4C9F-84C4-E8AE5845A174}.Debug|x86.Build.0 = Debug|Any CPU
		{7EB2095B-9A75-4C9F-84C4-E8AE5845A174}.Release|Any CPU.ActiveCfg = Release|Any CPU
		{7EB2095B-9A75-4C9F-84C4-E8AE5845A174}.Release|Any CPU.Build.0 = Release|Any CPU
		{7EB2095B-9A75-4C9F-84C4-E8AE5845A174}.Release|x64.ActiveCfg = Release|Any CPU
		{7EB2095B-9A75-4C9F-84C4-E8AE5845A174}.Release|x64.Build.0 = Release|Any CPU
		{7EB2095B-9A75-4C9F-84C4-E8AE5845A174}.Release|x86.ActiveCfg = Release|Any CPU
		{7EB2095B-9A75-4C9F-84C4-E8AE5845A174}.Release|x86.Build.0 = Release|Any CPU
		{21DC97AD-D5BA-478D-91D0-F599D0962AF1}.Debug|Any CPU.ActiveCfg = Debug|Any CPU
		{21DC97AD-D5BA-478D-91D0-F599D0962AF1}.Debug|Any CPU.Build.0 = Debug|Any CPU
		{21DC97AD-D5BA-478D-91D0-F599D0962AF1}.Debug|x64.ActiveCfg = Debug|Any CPU
		{21DC97AD-D5BA-478D-91D0-F599D0962AF1}.Debug|x64.Build.0 = Debug|Any CPU
		{21DC97AD-D5BA-478D-91D0-F599D0962AF1}.Debug|x86.ActiveCfg = Debug|Any CPU
		{21DC97AD-D5BA-478D-91D0-F599D0962AF1}.Debug|x86.Build.0 = Debug|Any CPU
		{21DC97AD-D5BA-478D-91D0-F599D0962AF1}.Release|Any CPU.ActiveCfg = Release|Any CPU
		{21DC97AD-D5BA-478D-91D0-F599D0962AF1}.Release|Any CPU.Build.0 = Release|Any CPU
		{21DC97AD-D5BA-478D-91D0-F599D0962AF1}.Release|x64.ActiveCfg = Release|Any CPU
		{21DC97AD-D5BA-478D-91D0-F599D0962AF1}.Release|x64.Build.0 = Release|Any CPU
		{21DC97AD-D5BA-478D-91D0-F599D0962AF1}.Release|x86.ActiveCfg = Release|Any CPU
		{21DC97AD-D5BA-478D-91D0-F599D0962AF1}.Release|x86.Build.0 = Release|Any CPU
		{6A00686B-3E4B-42F3-BC6A-D0FC719F4145}.Debug|Any CPU.ActiveCfg = Debug|Any CPU
		{6A00686B-3E4B-42F3-BC6A-D0FC719F4145}.Debug|Any CPU.Build.0 = Debug|Any CPU
		{6A00686B-3E4B-42F3-BC6A-D0FC719F4145}.Debug|x64.ActiveCfg = Debug|Any CPU
		{6A00686B-3E4B-42F3-BC6A-D0FC719F4145}.Debug|x64.Build.0 = Debug|Any CPU
		{6A00686B-3E4B-42F3-BC6A-D0FC719F4145}.Debug|x86.ActiveCfg = Debug|Any CPU
		{6A00686B-3E4B-42F3-BC6A-D0FC719F4145}.Debug|x86.Build.0 = Debug|Any CPU
		{6A00686B-3E4B-42F3-BC6A-D0FC719F4145}.Release|Any CPU.ActiveCfg = Release|Any CPU
		{6A00686B-3E4B-42F3-BC6A-D0FC719F4145}.Release|Any CPU.Build.0 = Release|Any CPU
		{6A00686B-3E4B-42F3-BC6A-D0FC719F4145}.Release|x64.ActiveCfg = Release|Any CPU
		{6A00686B-3E4B-42F3-BC6A-D0FC719F4145}.Release|x64.Build.0 = Release|Any CPU
		{6A00686B-3E4B-42F3-BC6A-D0FC719F4145}.Release|x86.ActiveCfg = Release|Any CPU
		{6A00686B-3E4B-42F3-BC6A-D0FC719F4145}.Release|x86.Build.0 = Release|Any CPU
		{73D9BB25-0585-492B-816C-0CB2527951F4}.Debug|Any CPU.ActiveCfg = Debug|Any CPU
		{73D9BB25-0585-492B-816C-0CB2527951F4}.Debug|Any CPU.Build.0 = Debug|Any CPU
		{73D9BB25-0585-492B-816C-0CB2527951F4}.Debug|x64.ActiveCfg = Debug|Any CPU
		{73D9BB25-0585-492B-816C-0CB2527951F4}.Debug|x64.Build.0 = Debug|Any CPU
		{73D9BB25-0585-492B-816C-0CB2527951F4}.Debug|x86.ActiveCfg = Debug|Any CPU
		{73D9BB25-0585-492B-816C-0CB2527951F4}.Debug|x86.Build.0 = Debug|Any CPU
		{73D9BB25-0585-492B-816C-0CB2527951F4}.Release|Any CPU.ActiveCfg = Release|Any CPU
		{73D9BB25-0585-492B-816C-0CB2527951F4}.Release|Any CPU.Build.0 = Release|Any CPU
		{73D9BB25-0585-492B-816C-0CB2527951F4}.Release|x64.ActiveCfg = Release|Any CPU
		{73D9BB25-0585-492B-816C-0CB2527951F4}.Release|x64.Build.0 = Release|Any CPU
		{73D9BB25-0585-492B-816C-0CB2527951F4}.Release|x86.ActiveCfg = Release|Any CPU
		{73D9BB25-0585-492B-816C-0CB2527951F4}.Release|x86.Build.0 = Release|Any CPU
	EndGlobalSection
	GlobalSection(SolutionProperties) = preSolution
		HideSolutionNode = FALSE
	EndGlobalSection
	GlobalSection(NestedProjects) = preSolution
		{6A00686B-3E4B-42F3-BC6A-D0FC719F4145} = {1A1A1A1A-0000-0000-0000-000000000001}
		{26BFFCD6-7142-46DD-B035-18714D81215F} = {2B2B2B2B-0000-0000-0000-000000000002}
		{21DC97AD-D5BA-478D-91D0-F599D0962AF1} = {3C3C3C3C-0000-0000-0000-000000000003}
		{7EB2095B-9A75-4C9F-84C4-E8AE5845A174} = {4D4D4D4D-0000-0000-0000-000000000004}
		{73D9BB25-0585-492B-816C-0CB2527951F4} = {4D4D4D4D-0000-0000-0000-000000000004}
	EndGlobalSection
EndGlobal
